{
  "name": "tea-benefits",
  "version": "0.1.0",
  "lockfileVersion": 3,
  "requires": true,
  "packages": {
    "": {
      "name": "tea-benefits",
      "version": "0.1.0",
      "dependencies": {
        "@supabase/supabase-js": "^2.43.3",
        "next": "14.2.3",
        "react": "18.2.0",
        "react-dom": "18.2.0"
      },
      "devDependencies": {
        "@types/react": "^18.2.0",
        "@types/react-dom": "^18.2.0",
        "autoprefixer": "^10.4.16",
        "eslint": "8.57.0",
        "eslint-config-next": "14.2.3",
        "postcss": "^8.4.38",
        "tailwindcss": "^3.4.3",
        "typescript": "^5.3.0"
      }
    }
  },
  "dependencies": {
    "@supabase/supabase-js": {
      "version": "^2.43.3"
    },
    "next": {
      "version": "14.2.3"
    },
    "react": {
      "version": "18.2.0"
    },
    "react-dom": {
      "version": "18.2.0"
    },
    "@types/react": {
      "version": "^18.2.0",
      "dev": true
    },
    "@types/react-dom": {
      "version": "^18.2.0",
      "dev": true
    },
    "autoprefixer": {
      "version": "^10.4.16",
      "dev": true
    },
    "eslint": {
      "version": "8.57.0",
      "dev": true
    },
    "eslint-config-next": {
      "version": "14.2.3",
      "dev": true
    },
    "postcss": {
      "version": "^8.4.38",
      "dev": true
    },
    "tailwindcss": {
      "version": "^3.4.3",
      "dev": true
    },
    "typescript": {
      "version": "^5.3.0",
      "dev": true
    }
  }
}
